// !$*UTF8*$!
{
	archiveVersion = 1;
	classes = {
	};
	objectVersion = 46;
	objects = {

/* Begin PBXBuildFile section */
		6650B1871E9791FB00E9A5F3 /* main.m in Sources */ = {isa = PBXBuildFile; fileRef = 6650B1861E9791FB00E9A5F3 /* main.m */; };
		6650B18A1E9791FB00E9A5F3 /* AppDelegate.m in Sources */ = {isa = PBXBuildFile; fileRef = 6650B1891E9791FB00E9A5F3 /* AppDelegate.m */; };
		6650B18D1E9791FB00E9A5F3 /* FirstViewController.m in Sources */ = {isa = PBXBuildFile; fileRef = 6650B18C1E9791FB00E9A5F3 /* FirstViewController.m */; };
		6650B1901E9791FB00E9A5F3 /* SecondViewController.m in Sources */ = {isa = PBXBuildFile; fileRef = 6650B18F1E9791FB00E9A5F3 /* SecondViewController.m */; };
		6650B1931E9791FB00E9A5F3 /* Main.storyboard in Resources */ = {isa = PBXBuildFile; fileRef = 6650B1911E9791FB00E9A5F3 /* Main.storyboard */; };
		6650B1951E9791FB00E9A5F3 /* Assets.xcassets in Resources */ = {isa = PBXBuildFile; fileRef = 6650B1941E9791FB00E9A5F3 /* Assets.xcassets */; };
		6650B1981E9791FB00E9A5F3 /* LaunchScreen.storyboard in Resources */ = {isa = PBXBuildFile; fileRef = 6650B1961E9791FB00E9A5F3 /* LaunchScreen.storyboard */; };
		6C2B41FB85FE0CC75BCDA8CD /* libPods-GameHelper.a in Frameworks */ = {isa = PBXBuildFile; fileRef = F938592051BE2D5A038FE882 /* libPods-GameHelper.a */; };
/* End PBXBuildFile section */

/* Begin PBXFileReference section */
		16B6D6B738D0A91411BA1261 /* Pods-GameHelper.release.xcconfig */ = {isa = PBXFileReference; includeInIndex = 1; lastKnownFileType = text.xcconfig; name = "Pods-GameHelper.release.xcconfig"; path = "Pods/Target Support Files/Pods-GameHelper/Pods-GameHelper.release.xcconfig"; sourceTree = "<group>"; };
		6650B1821E9791FB00E9A5F3 /* GameHelper.app */ = {isa = PBXFileReference; explicitFileType = wrapper.application; includeInIndex = 0; path = GameHelper.app; sourceTree = BUILT_PRODUCTS_DIR; };
		6650B1861E9791FB00E9A5F3 /* main.m */ = {isa = PBXFileReference; lastKnownFileType = sourcecode.c.objc; path = main.m; sourceTree = "<group>"; };
		6650B1881E9791FB00E9A5F3 /* AppDelegate.h */ = {isa = PBXFileReference; lastKnownFileType = sourcecode.c.h; path = AppDelegate.h; sourceTree = "<group>"; };
		6650B1891E9791FB00E9A5F3 /* AppDelegate.m */ = {isa = PBXFileReference; lastKnownFileType = sourcecode.c.objc; path = AppDelegate.m; sourceTree = "<group>"; };
		6650B18B1E9791FB00E9A5F3 /* FirstViewController.h */ = {isa = PBXFileReference; lastKnownFileType = sourcecode.c.h; path = FirstViewController.h; sourceTree = "<group>"; };
		6650B18C1E9791FB00E9A5F3 /* FirstViewController.m */ = {isa = PBXFileReference; lastKnownFileType = sourcecode.c.objc; path = FirstViewController.m; sourceTree = "<group>"; };
		6650B18E1E9791FB00E9A5F3 /* SecondViewController.h */ = {isa = PBXFileReference; lastKnownFileType = sourcecode.c.h; path = SecondViewController.h; sourceTree = "<group>"; };
		6650B18F1E9791FB00E9A5F3 /* SecondViewController.m */ = {isa = PBXFileReference; lastKnownFileType = sourcecode.c.objc; path = SecondViewController.m; sourceTree = "<group>"; };
		6650B1921E9791FB00E9A5F3 /* Base */ = {isa = PBXFileReference; lastKnownFileType = file.storyboard; name = Base; path = Base.lproj/Main.storyboard; sourceTree = "<group>"; };
		6650B1941E9791FB00E9A5F3 /* Assets.xcassets */ = {isa = PBXFileReference; lastKnownFileType = folder.assetcatalog; path = Assets.xcassets; sourceTree = "<group>"; };
		6650B1971E9791FB00E9A5F3 /* Base */ = {isa = PBXFileReference; lastKnownFileType = file.storyboard; name = Base; path = Base.lproj/LaunchScreen.storyboard; sourceTree = "<group>"; };
		6650B1991E9791FB00E9A5F3 /* Info.plist */ = {isa = PBXFileReference; lastKnownFileType = text.plist.xml; path = Info.plist; sourceTree = "<group>"; };
		7FA2C42F71E785BACBAE5313 /* Pods-GameHelper.debug.xcconfig */ = {isa = PBXFileReference; includeInIndex = 1; lastKnownFileType = text.xcconfig; name = "Pods-GameHelper.debug.xcconfig"; path = "Pods/Target Support Files/Pods-GameHelper/Pods-GameHelper.debug.xcconfig"; sourceTree = "<group>"; };
		F938592051BE2D5A038FE882 /* libPods-GameHelper.a */ = {isa = PBXFileReference; explicitFileType = archive.ar; includeInIndex = 0; path = "libPods-GameHelper.a"; sourceTree = BUILT_PRODUCTS_DIR; };
/* End PBXFileReference section */

/* Begin PBXFrameworksBuildPhase section */
		6650B17F1E9791FB00E9A5F3 /* Frameworks */ = {
			isa = PBXFrameworksBuildPhase;
			buildActionMask = 2147483647;
			files = (
				6C2B41FB85FE0CC75BCDA8CD /* libPods-GameHelper.a in Frameworks */,
			);
			runOnlyForDeploymentPostprocessing = 0;
		};
/* End PBXFrameworksBuildPhase section */

/* Begin PBXGroup section */
		1D08903E3C56795FBBA403B0 /* Pods */ = {
			isa = PBXGroup;
			children = (
				7FA2C42F71E785BACBAE5313 /* Pods-GameHelper.debug.xcconfig */,
				16B6D6B738D0A91411BA1261 /* Pods-GameHelper.release.xcconfig */,
			);
			name = Pods;
			sourceTree = "<group>";
		};
		53AE51638701086665E2850F /* Frameworks */ = {
			isa = PBXGroup;
			children = (
				F938592051BE2D5A038FE882 /* libPods-GameHelper.a */,
			);
			name = Frameworks;
			sourceTree = "<group>";
		};
		6650B1791E9791FB00E9A5F3 = {
			isa = PBXGroup;
			children = (
				6650B1841E9791FB00E9A5F3 /* GameHelper */,
				6650B1831E9791FB00E9A5F3 /* Products */,
				1D08903E3C56795FBBA403B0 /* Pods */,
				53AE51638701086665E2850F /* Frameworks */,
			);
			sourceTree = "<group>";
		};
		6650B1831E9791FB00E9A5F3 /* Products */ = {
			isa = PBXGroup;
			children = (
				6650B1821E9791FB00E9A5F3 /* GameHelper.app */,
			);
			name = Products;
			sourceTree = "<group>";
		};
		6650B1841E9791FB00E9A5F3 /* GameHelper */ = {
			isa = PBXGroup;
			children = (
				6650B1881E9791FB00E9A5F3 /* AppDelegate.h */,
				6650B1891E9791FB00E9A5F3 /* AppDelegate.m */,
				6650B18B1E9791FB00E9A5F3 /* FirstViewController.h */,
				6650B18C1E9791FB00E9A5F3 /* FirstViewController.m */,
				6650B18E1E9791FB00E9A5F3 /* SecondViewController.h */,
				6650B18F1E9791FB00E9A5F3 /* SecondViewController.m */,
				6650B1911E9791FB00E9A5F3 /* Main.storyboard */,
				6650B1941E9791FB00E9A5F3 /* Assets.xcassets */,
				6650B1961E9791FB00E9A5F3 /* LaunchScreen.storyboard */,
				6650B1991E9791FB00E9A5F3 /* Info.plist */,
				6650B1851E9791FB00E9A5F3 /* Supporting Files */,
			);
			path = GameHelper;
			sourceTree = "<group>";
		};
		6650B1851E9791FB00E9A5F3 /* Supporting Files */ = {
			isa = PBXGroup;
			children = (
				6650B1861E9791FB00E9A5F3 /* main.m */,
			);
			name = "Supporting Files";
			sourceTree = "<group>";
		};
/* End PBXGroup section */

/* Begin PBXNativeTarget section */
		6650B1811E9791FB00E9A5F3 /* GameHelper */ = {
			isa = PBXNativeTarget;
			buildConfigurationList = 6650B19C1E9791FB00E9A5F3 /* Build configuration list for PBXNativeTarget "GameHelper" */;
			buildPhases = (
				A2A807FE528D9DC4B805217D /* [CP] Check Pods Manifest.lock */,
				6650B17E1E9791FB00E9A5F3 /* Sources */,
				6650B17F1E9791FB00E9A5F3 /* Frameworks */,
				6650B1801E9791FB00E9A5F3 /* Resources */,
				22F2F210018BA30C6ABAA5B6 /* [CP] Embed Pods Frameworks */,
				ADD0C44B017171E4944E33A4 /* [CP] Copy Pods Resources */,
			);
			buildRules = (
			);
			dependencies = (
			);
			name = GameHelper;
			productName = GameHelper;
			productReference = 6650B1821E9791FB00E9A5F3 /* GameHelper.app */;
			productType = "com.apple.product-type.application";
		};
/* End PBXNativeTarget section */

/* Begin PBXProject section */
		6650B17A1E9791FB00E9A5F3 /* Project object */ = {
			isa = PBXProject;
			attributes = {
				LastUpgradeCheck = 0830;
				ORGANIZATIONNAME = Quentin;
				TargetAttributes = {
					6650B1811E9791FB00E9A5F3 = {
						CreatedOnToolsVersion = 8.3;
						DevelopmentTeam = 4J67FTSTQJ;
						ProvisioningStyle = Automatic;
					};
				};
			};
			buildConfigurationList = 6650B17D1E9791FB00E9A5F3 /* Build configuration list for PBXProject "GameHelper" */;
			compatibilityVersion = "Xcode 3.2";
			developmentRegion = English;
			hasScannedForEncodings = 0;
			knownRegions = (
				en,
				Base,
			);
			mainGroup = 6650B1791E9791FB00E9A5F3;
			productRefGroup = 6650B1831E9791FB00E9A5F3 /* Products */;
			projectDirPath = "";
			projectRoot = "";
			targets = (
				6650B1811E9791FB00E9A5F3 /* GameHelper */,
			);
		};
/* End PBXProject section */

/* Begin PBXResourcesBuildPhase section */
		6650B1801E9791FB00E9A5F3 /* Resources */ = {
			isa = PBXResourcesBuildPhase;
			buildActionMask = 2147483647;
			files = (
				6650B1981E9791FB00E9A5F3 /* LaunchScreen.storyboard in Resources */,
				6650B1951E9791FB00E9A5F3 /* Assets.xcassets in Resources */,
				6650B1931E9791FB00E9A5F3 /* Main.storyboard in Resources */,
			);
			runOnlyForDeploymentPostprocessing = 0;
		};
/* End PBXResourcesBuildPhase section */

/* Begin PBXShellScriptBuildPhase section */
		22F2F210018BA30C6ABAA5B6 /* [CP] Embed Pods Frameworks */ = {
			isa = PBXShellScriptBuildPhase;
			buildActionMask = 2147483647;
			files = (
			);
			inputPaths = (
			);
			name = "[CP] Embed Pods Frameworks";
			outputPaths = (
			);
			runOnlyForDeploymentPostprocessing = 0;
			shellPath = /bin/sh;
			shellScript = "\"${SRCROOT}/Pods/Target Support Files/Pods-GameHelper/Pods-GameHelper-frameworks.sh\"\n";
			showEnvVarsInLog = 0;
		};
		A2A807FE528D9DC4B805217D /* [CP] Check Pods Manifest.lock */ = {
			isa = PBXShellScriptBuildPhase;
			buildActionMask = 2147483647;
			files = (
			);
			inputPaths = (
			);
			name = "[CP] Check Pods Manifest.lock";
			outputPaths = (
			);
			runOnlyForDeploymentPostprocessing = 0;
			shellPath = /bin/sh;
			shellScript = "diff \"${PODS_PODFILE_DIR_PATH}/Podfile.lock\" \"${PODS_ROOT}/Manifest.lock\" > /dev/null\nif [ $? != 0 ] ; then\n    # print error to STDERR\n    echo \"error: The sandbox is not in sync with the Podfile.lock. Run 'pod install' or update your CocoaPods installation.\" >&2\n    exit 1\nfi\n";
			showEnvVarsInLog = 0;
		};
		ADD0C44B017171E4944E33A4 /* [CP] Copy Pods Resources */ = {
			isa = PBXShellScriptBuildPhase;
			buildActionMask = 2147483647;
			files = (
			);
			inputPaths = (
			);
			name = "[CP] Copy Pods Resources";
			outputPaths = (
			);
			runOnlyForDeploymentPostprocessing = 0;
			shellPath = /bin/sh;
			shellScript = "\"${SRCROOT}/Pods/Target Support Files/Pods-GameHelper/Pods-GameHelper-resources.sh\"\n";
			showEnvVarsInLog = 0;
		};
/* End PBXShellScriptBuildPhase section */

/* Begin PBXSourcesBuildPhase section */
		6650B17E1E9791FB00E9A5F3 /* Sources */ = {
			isa = PBXSourcesBuildPhase;
			buildActionMask = 2147483647;
			files = (
				6650B1901E9791FB00E9A5F3 /* SecondViewController.m in Sources */,
				6650B18A1E9791FB00E9A5F3 /* AppDelegate.m in Sources */,
				6650B18D1E9791FB00E9A5F3 /* FirstViewController.m in Sources */,
				6650B1871E9791FB00E9A5F3 /* main.m in Sources */,
			);
			runOnlyForDeploymentPostprocessing = 0;
		};
/* End PBXSourcesBuildPhase section */

/* Begin PBXVariantGroup section */
		6650B1911E9791FB00E9A5F3 /* Main.storyboard */ = {
			isa = PBXVariantGroup;
			children = (
				6650B1921E9791FB00E9A5F3 /* Base */,
			);
			name = Main.storyboard;
			sourceTree = "<group>";
		};
		6650B1961E9791FB00E9A5F3 /* LaunchScreen.storyboard */ = {
			isa = PBXVariantGroup;
			children = (
				6650B1971E9791FB00E9A5F3 /* Base */,
			);
			name = LaunchScreen.storyboard;
			sourceTree = "<group>";
		};
/* End PBXVariantGroup section */

/* Begin XCBuildConfiguration section */
		6650B19A1E9791FB00E9A5F3 /* Debug */ = {
			isa = XCBuildConfiguration;
			buildSettings = {
				ALWAYS_SEARCH_USER_PATHS = NO;
				CLANG_ANALYZER_NONNULL = YES;
				CLANG_ANALYZER_NUMBER_OBJECT_CONVERSION = YES_AGGRESSIVE;
				CLANG_CXX_LANGUAGE_STANDARD = "gnu++0x";
				CLANG_CXX_LIBRARY = "libc++";
				CLANG_ENABLE_MODULES = YES;
				CLANG_ENABLE_OBJC_ARC = YES;
				CLANG_WARN_BOOL_CONVERSION = YES;
				CLANG_WARN_CONSTANT_CONVERSION = YES;
				CLANG_WARN_DIRECT_OBJC_ISA_USAGE = YES_ERROR;
				CLANG_WARN_DOCUMENTATION_COMMENTS = YES;
				CLANG_WARN_EMPTY_BODY = YES;
				CLANG_WARN_ENUM_CONVERSION = YES;
				CLANG_WARN_INFINITE_RECURSION = YES;
				CLANG_WARN_INT_CONVERSION = YES;
				CLANG_WARN_OBJC_ROOT_CLASS = YES_ERROR;
				CLANG_WARN_SUSPICIOUS_MOVE = YES;
				CLANG_WARN_UNREACHABLE_CODE = YES;
				CLANG_WARN__DUPLICATE_METHOD_MATCH = YES;
				"CODE_SIGN_IDENTITY[sdk=iphoneos*]" = "iPhone Developer";
				COPY_PHASE_STRIP = NO;
				DEBUG_INFORMATION_FORMAT = dwarf;
				ENABLE_STRICT_OBJC_MSGSEND = YES;
				ENABLE_TESTABILITY = YES;
				GCC_C_LANGUAGE_STANDARD = gnu99;
				GCC_DYNAMIC_NO_PIC = NO;
				GCC_NO_COMMON_BLOCKS = YES;
				GCC_OPTIMIZATION_LEVEL = 0;
				GCC_PREPROCESSOR_DEFINITIONS = (
					"DEBUG=1",
					"$(inherited)",
				);
				GCC_WARN_64_TO_32_BIT_CONVERSION = YES;
				GCC_WARN_ABOUT_RETURN_TYPE = YES_ERROR;
				GCC_WARN_UNDECLARED_SELECTOR = YES;
				GCC_WARN_UNINITIALIZED_AUTOS = YES_AGGRESSIVE;
				GCC_WARN_UNUSED_FUNCTION = YES;
				GCC_WARN_UNUSED_VARIABLE = YES;
				IPHONEOS_DEPLOYMENT_TARGET = 10.3;
				MTL_ENABLE_DEBUG_INFO = YES;
				ONLY_ACTIVE_ARCH = YES;
				SDKROOT = iphoneos;
			};
			name = Debug;
		};
		6650B19B1E9791FB00E9A5F3 /* Release */ = {
			isa = XCBuildConfiguration;
			buildSettings = {
				ALWAYS_SEARCH_USER_PATHS = NO;
				CLANG_ANALYZER_NONNULL = YES;
				CLANG_ANALYZER_NUMBER_OBJECT_CONVERSION = YES_AGGRESSIVE;
				CLANG_CXX_LANGUAGE_STANDARD = "gnu++0x";
				CLANG_CXX_LIBRARY = "libc++";
				CLANG_ENABLE_MODULES = YES;
				CLANG_ENABLE_OBJC_ARC = YES;
				CLANG_WARN_BOOL_CONVERSION = YES;
				CLANG_WARN_CONSTANT_CONVERSION = YES;
				CLANG_WARN_DIRECT_OBJC_ISA_USAGE = YES_ERROR;
				CLANG_WARN_DOCUMENTATION_COMMENTS = YES;
				CLANG_WARN_EMPTY_BODY = YES;
				CLANG_WARN_ENUM_CONVERSION = YES;
				CLANG_WARN_INFINITE_RECURSION = YES;
				CLANG_WARN_INT_CONVERSION = YES;
				CLANG_WARN_OBJC_ROOT_CLASS = YES_ERROR;
				CLANG_WARN_SUSPICIOUS_MOVE = YES;
				CLANG_WARN_UNREACHABLE_CODE = YES;
				CLANG_WARN__DUPLICATE_METHOD_MATCH = YES;
				"CODE_SIGN_IDENTITY[sdk=iphoneos*]" = "iPhone Developer";
				COPY_PHASE_STRIP = NO;
				DEBUG_INFORMATION_FORMAT = "dwarf-with-dsym";
				ENABLE_NS_ASSERTIONS = NO;
				ENABLE_STRICT_OBJC_MSGSEND = YES;
				GCC_C_LANGUAGE_STANDARD = gnu99;
				GCC_NO_COMMON_BLOCKS = YES;
				GCC_WARN_64_TO_32_BIT_CONVERSION = YES;
				GCC_WARN_ABOUT_RETURN_TYPE = YES_ERROR;
				GCC_WARN_UNDECLARED_SELECTOR = YES;
				GCC_WARN_UNINITIALIZED_AUTOS = YES_AGGRESSIVE;
				GCC_WARN_UNUSED_FUNCTION = YES;
				GCC_WARN_UNUSED_VARIABLE = YES;
				IPHONEOS_DEPLOYMENT_TARGET = 10.3;
				MTL_ENABLE_DEBUG_INFO = NO;
				SDKROOT = iphoneos;
				VALIDATE_PRODUCT = YES;
			};
			name = Release;
		};
		6650B19D1E9791FB00E9A5F3 /* Debug */ = {
			isa = XCBuildConfiguration;
			baseConfigurationReference = 7FA2C42F71E785BACBAE5313 /* Pods-GameHelper.debug.xcconfig */;
			buildSettings = {
				ASSETCATALOG_COMPILER_APPICON_NAME = AppIcon;
				DEVELOPMENT_TEAM = 4J67FTSTQJ;
				INFOPLIST_FILE = GameHelper/Info.plist;
				LD_RUNPATH_SEARCH_PATHS = "$(inherited) @executable_path/Frameworks";
				PRODUCT_BUNDLE_IDENTIFIER = com.quentin.GameHelper;
				PRODUCT_NAME = "$(TARGET_NAME)";
			};
			name = Debug;
		};
		6650B19E1E9791FB00E9A5F3 /* Release */ = {
			isa = XCBuildConfiguration;
			baseConfigurationReference = 16B6D6B738D0A91411BA1261 /* Pods-GameHelper.release.xcconfig */;
			buildSettings = {
				ASSETCATALOG_COMPILER_APPICON_NAME = AppIcon;
				DEVELOPMENT_TEAM = 4J67FTSTQJ;
				INFOPLIST_FILE = GameHelper/Info.plist;
				LD_RUNPATH_SEARCH_PATHS = "$(inherited) @executable_path/Frameworks";
				PRODUCT_BUNDLE_IDENTIFIER = com.quentin.GameHelper;
				PRODUCT_NAME = "$(TARGET_NAME)";
			};
			name = Release;
		};
/* End XCBuildConfiguration section */

/* Begin XCConfigurationList section */
		6650B17D1E9791FB00E9A5F3 /* Build configuration list for PBXProject "GameHelper" */ = {
			isa = XCConfigurationList;
			buildConfigurations = (
				6650B19A1E9791FB00E9A5F3 /* Debug */,
				6650B19B1E9791FB00E9A5F3 /* Release */,
			);
			defaultConfigurationIsVisible = 0;
			defaultConfigurationName = Release;
		};
		6650B19C1E9791FB00E9A5F3 /* Build configuration list for PBXNativeTarget "GameHelper" */ = {
			isa = XCConfigurationList;
			buildConfigurations = (
				6650B19D1E9791FB00E9A5F3 /* Debug */,
				6650B19E1E9791FB00E9A5F3 /* Release */,
			);
			defaultConfigurationIsVisible = 0;
		};
/* End XCConfigurationList section */
	};
	rootObject = 6650B17A1E9791FB00E9A5F3 /* Project object */;
}
